
Microsoft Visual Studio Solution File, Format Version 12.00
# Visual Studio Version 16
VisualStudioVersion = 16.0.31005.135
MinimumVisualStudioVersion = 10.0.40219.1
Project("{9A19103F-16F7-4668-BE54-9A1E7A4F7556}") = "Loops", "Loops.csproj", "{5E474198-ECB8-49F1-916B-A6D4C8BBD402}"
EndProject
Global
	GlobalSection(SolutionConfigurationPlatforms) = preSolution
		Debug|Any CPU = Debug|Any CPU
		Release|Any CPU = Release|Any CPU
	EndGlobalSection
	GlobalSection(ProjectConfigurationPlatforms) = postSolution
		{5E474198-ECB8-49F1-916B-A6D4C8BBD402}.Debug|Any CPU.ActiveCfg = Debug|Any CPU
		{5E474198-ECB8-49F1-916B-A6D4C8BBD402}.Debug|Any CPU.Build.0 = Debug|Any CPU
		{5E474198-ECB8-49F1-916B-A6D4C8BBD402}.Release|Any CPU.ActiveCfg = Release|Any CPU
		{5E474198-ECB8-49F1-916B-A6D4C8BBD402}.Release|Any CPU.Build.0 = Release|Any CPU
	EndGlobalSection
	GlobalSection(SolutionProperties) = preSolution
		HideSolutionNode = FALSE
	EndGlobalSection
	GlobalSection(ExtensibilityGlobals) = postSolution
		SolutionGuid = {EEFF9AE8-A8B5-4B04-A179-BB586E7A2C7E}
	EndGlobalSection
EndGlobal
